// !$*UTF8*$!
{
	archiveVersion = 1;
	classes = {
	};
	objectVersion = 46;
	objects = {

/* Begin PBXBuildFile section */
		64680DED1D190BB1000AD8DE /* UITests.swift in Sources */ = {isa = PBXBuildFile; fileRef = 64680DEC1D190BB1000AD8DE /* UITests.swift */; };
		6CC3160D6955424A1EC3522D /* Pods_iOS_Scaffold.framework in Frameworks */ = {isa = PBXBuildFile; fileRef = E0CCD3E60E52C2440D0742DB /* Pods_iOS_Scaffold.framework */; };
		A007A27A58704C8E4F703A90 /* Pods_iOS_ScaffoldTests.framework in Frameworks */ = {isa = PBXBuildFile; fileRef = DCBA64B58BA0553512615FC7 /* Pods_iOS_ScaffoldTests.framework */; };
		B7EF87DFA8AE1AD99B4EF1F8 /* Pods_UITests.framework in Frameworks */ = {isa = PBXBuildFile; fileRef = 7ED81514D728A6EC49F205AC /* Pods_UITests.framework */; };
		DF2CE0ECB2D616CAAAEB27BB /* Assets.xcassets in Resources */ = {isa = PBXBuildFile; fileRef = DF2CE31566433451034E19A1 /* Assets.xcassets */; };
		DF2CE1B2DB34028013B54C56 /* LaunchScreen.storyboard in Resources */ = {isa = PBXBuildFile; fileRef = DF2CEF36437C78DE88615613 /* LaunchScreen.storyboard */; };
		DF2CE50B07A454FD12B2E36F /* ViewController.swift in Sources */ = {isa = PBXBuildFile; fileRef = DF2CE345AFB9F08ABE72EF3D /* ViewController.swift */; };
		DF2CE932008D4FE617F029A3 /* Main.storyboard in Resources */ = {isa = PBXBuildFile; fileRef = DF2CE3D3EB5A1F5CE55323C2 /* Main.storyboard */; };
		DF2CEBE30340682CDAB67FD8 /* iOS_ScaffoldTests.swift in Sources */ = {isa = PBXBuildFile; fileRef = DF2CE2E65BE56FB1E8AD7958 /* iOS_ScaffoldTests.swift */; };
		DF2CEC51C03F4DF6352EF080 /* AppDelegate.swift in Sources */ = {isa = PBXBuildFile; fileRef = DF2CEA5B5B1F3DEBDD2C90F6 /* AppDelegate.swift */; };
/* End PBXBuildFile section */

/* Begin PBXContainerItemProxy section */
		64680DEF1D190BB1000AD8DE /* PBXContainerItemProxy */ = {
			isa = PBXContainerItemProxy;
			containerPortal = DF2CE80081D3B39FC13AF5EA /* Project object */;
			proxyType = 1;
			remoteGlobalIDString = DF2CEAD439645D3D898646B1;
			remoteInfo = "iOS Scaffold";
		};
		DF2CE0D6155F0798277C4786 /* PBXContainerItemProxy */ = {
			isa = PBXContainerItemProxy;
			containerPortal = DF2CE80081D3B39FC13AF5EA /* Project object */;
			proxyType = 1;
			remoteGlobalIDString = DF2CEAD439645D3D898646B1;
			remoteInfo = "iOS Scaffold";
		};
/* End PBXContainerItemProxy section */

/* Begin PBXFileReference section */
		1DDD1E0E7378746ADA882FBE /* Pods-iOS Scaffold.release.xcconfig */ = {isa = PBXFileReference; includeInIndex = 1; lastKnownFileType = text.xcconfig; name = "Pods-iOS Scaffold.release.xcconfig"; path = "Pods/Target Support Files/Pods-iOS Scaffold/Pods-iOS Scaffold.release.xcconfig"; sourceTree = "<group>"; };
		211431A7334582B42542E12F /* Pods-iOS Scaffold.debug.xcconfig */ = {isa = PBXFileReference; includeInIndex = 1; lastKnownFileType = text.xcconfig; name = "Pods-iOS Scaffold.debug.xcconfig"; path = "Pods/Target Support Files/Pods-iOS Scaffold/Pods-iOS Scaffold.debug.xcconfig"; sourceTree = "<group>"; };
		339C5ED191B3D72932357EE2 /* Pods-UITests.release.xcconfig */ = {isa = PBXFileReference; includeInIndex = 1; lastKnownFileType = text.xcconfig; name = "Pods-UITests.release.xcconfig"; path = "Pods/Target Support Files/Pods-UITests/Pods-UITests.release.xcconfig"; sourceTree = "<group>"; };
		3C5D5B721F5AFBA1CAE9DCE9 /* Pods-iOS ScaffoldTests.release.xcconfig */ = {isa = PBXFileReference; includeInIndex = 1; lastKnownFileType = text.xcconfig; name = "Pods-iOS ScaffoldTests.release.xcconfig"; path = "Pods/Target Support Files/Pods-iOS ScaffoldTests/Pods-iOS ScaffoldTests.release.xcconfig"; sourceTree = "<group>"; };
		64680DEA1D190BB1000AD8DE /* UITests.xctest */ = {isa = PBXFileReference; explicitFileType = wrapper.cfbundle; includeInIndex = 0; path = UITests.xctest; sourceTree = BUILT_PRODUCTS_DIR; };
		64680DEC1D190BB1000AD8DE /* UITests.swift */ = {isa = PBXFileReference; lastKnownFileType = sourcecode.swift; path = UITests.swift; sourceTree = "<group>"; };
		64680DEE1D190BB1000AD8DE /* Info.plist */ = {isa = PBXFileReference; lastKnownFileType = text.plist.xml; path = Info.plist; sourceTree = "<group>"; };
		6DD2CA128817DFADB88E6D63 /* Pods-iOS ScaffoldTests.debug.xcconfig */ = {isa = PBXFileReference; includeInIndex = 1; lastKnownFileType = text.xcconfig; name = "Pods-iOS ScaffoldTests.debug.xcconfig"; path = "Pods/Target Support Files/Pods-iOS ScaffoldTests/Pods-iOS ScaffoldTests.debug.xcconfig"; sourceTree = "<group>"; };
		7ED81514D728A6EC49F205AC /* Pods_UITests.framework */ = {isa = PBXFileReference; explicitFileType = wrapper.framework; includeInIndex = 0; path = Pods_UITests.framework; sourceTree = BUILT_PRODUCTS_DIR; };
		DCBA64B58BA0553512615FC7 /* Pods_iOS_ScaffoldTests.framework */ = {isa = PBXFileReference; explicitFileType = wrapper.framework; includeInIndex = 0; path = Pods_iOS_ScaffoldTests.framework; sourceTree = BUILT_PRODUCTS_DIR; };
		DF2CE004246151F8E397EA34 /* iOS ScaffoldTests.xctest */ = {isa = PBXFileReference; explicitFileType = wrapper.cfbundle; includeInIndex = 0; path = "iOS ScaffoldTests.xctest"; sourceTree = BUILT_PRODUCTS_DIR; };
		DF2CE2E65BE56FB1E8AD7958 /* iOS_ScaffoldTests.swift */ = {isa = PBXFileReference; lastKnownFileType = sourcecode.swift; path = iOS_ScaffoldTests.swift; sourceTree = "<group>"; };
		DF2CE31566433451034E19A1 /* Assets.xcassets */ = {isa = PBXFileReference; lastKnownFileType = folder.assetcatalog; path = Assets.xcassets; sourceTree = "<group>"; };
		DF2CE345AFB9F08ABE72EF3D /* ViewController.swift */ = {isa = PBXFileReference; lastKnownFileType = sourcecode.swift; path = ViewController.swift; sourceTree = "<group>"; };
		DF2CE4006DC223A305DA2C14 /* iOS Scaffold.app */ = {isa = PBXFileReference; explicitFileType = wrapper.application; includeInIndex = 0; path = "iOS Scaffold.app"; sourceTree = BUILT_PRODUCTS_DIR; };
		DF2CE55795C8385DFCB4B775 /* Base */ = {isa = PBXFileReference; lastKnownFileType = file.storyboard; name = Base; path = Base.lproj/LaunchScreen.storyboard; sourceTree = "<group>"; };
		DF2CE7970672ABDEEA6FDBE5 /* Base */ = {isa = PBXFileReference; lastKnownFileType = file.storyboard; name = Base; path = Base.lproj/Main.storyboard; sourceTree = "<group>"; };
		DF2CEA5B5B1F3DEBDD2C90F6 /* AppDelegate.swift */ = {isa = PBXFileReference; lastKnownFileType = sourcecode.swift; path = AppDelegate.swift; sourceTree = "<group>"; };
		DF2CEDA4EEF300E78E480DCC /* Info.plist */ = {isa = PBXFileReference; lastKnownFileType = text.plist.info; path = Info.plist; sourceTree = "<group>"; };
		DF2CEE05E34FA1715AAB5939 /* Info.plist */ = {isa = PBXFileReference; lastKnownFileType = text.plist.info; path = Info.plist; sourceTree = "<group>"; };
		E0CCD3E60E52C2440D0742DB /* Pods_iOS_Scaffold.framework */ = {isa = PBXFileReference; explicitFileType = wrapper.framework; includeInIndex = 0; path = Pods_iOS_Scaffold.framework; sourceTree = BUILT_PRODUCTS_DIR; };
		E535669674CD27A5063E9EB8 /* Pods-UITests.debug.xcconfig */ = {isa = PBXFileReference; includeInIndex = 1; lastKnownFileType = text.xcconfig; name = "Pods-UITests.debug.xcconfig"; path = "Pods/Target Support Files/Pods-UITests/Pods-UITests.debug.xcconfig"; sourceTree = "<group>"; };
/* End PBXFileReference section */

/* Begin PBXFrameworksBuildPhase section */
		64680DE71D190BB1000AD8DE /* Frameworks */ = {
			isa = PBXFrameworksBuildPhase;
			buildActionMask = 2147483647;
			files = (
				B7EF87DFA8AE1AD99B4EF1F8 /* Pods_UITests.framework in Frameworks */,
			);
			runOnlyForDeploymentPostprocessing = 0;
		};
		DF2CE117AF9E3A75476B650B /* Frameworks */ = {
			isa = PBXFrameworksBuildPhase;
			buildActionMask = 2147483647;
			files = (
				6CC3160D6955424A1EC3522D /* Pods_iOS_Scaffold.framework in Frameworks */,
			);
			runOnlyForDeploymentPostprocessing = 0;
		};
		DF2CE4B3BCE7F0DE97E4A1D4 /* Frameworks */ = {
			isa = PBXFrameworksBuildPhase;
			buildActionMask = 2147483647;
			files = (
				A007A27A58704C8E4F703A90 /* Pods_iOS_ScaffoldTests.framework in Frameworks */,
			);
			runOnlyForDeploymentPostprocessing = 0;
		};
/* End PBXFrameworksBuildPhase section */

/* Begin PBXGroup section */
		09A1FB8E9995D11ABFD916CD /* Pods */ = {
			isa = PBXGroup;
			children = (
				E535669674CD27A5063E9EB8 /* Pods-UITests.debug.xcconfig */,
				339C5ED191B3D72932357EE2 /* Pods-UITests.release.xcconfig */,
				211431A7334582B42542E12F /* Pods-iOS Scaffold.debug.xcconfig */,
				1DDD1E0E7378746ADA882FBE /* Pods-iOS Scaffold.release.xcconfig */,
				6DD2CA128817DFADB88E6D63 /* Pods-iOS ScaffoldTests.debug.xcconfig */,
				3C5D5B721F5AFBA1CAE9DCE9 /* Pods-iOS ScaffoldTests.release.xcconfig */,
			);
			name = Pods;
			sourceTree = "<group>";
		};
		2ABE8FEF6DF09D9CA5792A48 /* Frameworks */ = {
			isa = PBXGroup;
			children = (
				7ED81514D728A6EC49F205AC /* Pods_UITests.framework */,
				E0CCD3E60E52C2440D0742DB /* Pods_iOS_Scaffold.framework */,
				DCBA64B58BA0553512615FC7 /* Pods_iOS_ScaffoldTests.framework */,
			);
			name = Frameworks;
			sourceTree = "<group>";
		};
		64680DEB1D190BB1000AD8DE /* UITests */ = {
			isa = PBXGroup;
			children = (
				64680DEC1D190BB1000AD8DE /* UITests.swift */,
				64680DEE1D190BB1000AD8DE /* Info.plist */,
			);
			path = UITests;
			sourceTree = "<group>";
		};
		DF2CE38D180CA8086479FCCB = {
			isa = PBXGroup;
			children = (
				64680DEB1D190BB1000AD8DE /* UITests */,
				DF2CE86EC480BE2286ADD30E /* Products */,
				DF2CEF87C3DE2AEB64B73576 /* iOS Scaffold */,
				DF2CEFE6A04D03BAF73C6C34 /* iOS ScaffoldTests */,
				09A1FB8E9995D11ABFD916CD /* Pods */,
				2ABE8FEF6DF09D9CA5792A48 /* Frameworks */,
			);
			sourceTree = "<group>";
		};
		DF2CE86EC480BE2286ADD30E /* Products */ = {
			isa = PBXGroup;
			children = (
				DF2CE4006DC223A305DA2C14 /* iOS Scaffold.app */,
				DF2CE004246151F8E397EA34 /* iOS ScaffoldTests.xctest */,
				64680DEA1D190BB1000AD8DE /* UITests.xctest */,
			);
			name = Products;
			sourceTree = "<group>";
		};
		DF2CEF87C3DE2AEB64B73576 /* iOS Scaffold */ = {
			isa = PBXGroup;
			children = (
				DF2CEDA4EEF300E78E480DCC /* Info.plist */,
				DF2CE31566433451034E19A1 /* Assets.xcassets */,
				DF2CEF36437C78DE88615613 /* LaunchScreen.storyboard */,
				DF2CEA5B5B1F3DEBDD2C90F6 /* AppDelegate.swift */,
				DF2CE3D3EB5A1F5CE55323C2 /* Main.storyboard */,
				DF2CE345AFB9F08ABE72EF3D /* ViewController.swift */,
			);
			path = "iOS Scaffold";
			sourceTree = "<group>";
		};
		DF2CEFE6A04D03BAF73C6C34 /* iOS ScaffoldTests */ = {
			isa = PBXGroup;
			children = (
				DF2CEE05E34FA1715AAB5939 /* Info.plist */,
				DF2CE2E65BE56FB1E8AD7958 /* iOS_ScaffoldTests.swift */,
			);
			path = "iOS ScaffoldTests";
			sourceTree = "<group>";
		};
/* End PBXGroup section */

/* Begin PBXNativeTarget section */
		64680DE91D190BB1000AD8DE /* UITests */ = {
			isa = PBXNativeTarget;
			buildConfigurationList = 64680DF11D190BB1000AD8DE /* Build configuration list for PBXNativeTarget "UITests" */;
			buildPhases = (
				37130B33FE5D037416A734BA /* [CP] Check Pods Manifest.lock */,
				64680DE61D190BB1000AD8DE /* Sources */,
				64680DE71D190BB1000AD8DE /* Frameworks */,
				64680DE81D190BB1000AD8DE /* Resources */,
				AFBB9A4ECEB7668DB552DA40 /* [CP] Copy Pods Resources */,
			);
			buildRules = (
			);
			dependencies = (
				64680DF01D190BB1000AD8DE /* PBXTargetDependency */,
			);
			name = UITests;
			productName = UITests;
			productReference = 64680DEA1D190BB1000AD8DE /* UITests.xctest */;
			productType = "com.apple.product-type.bundle.ui-testing";
		};
		DF2CE56A15F2A4CD63CA9BBE /* iOS ScaffoldTests */ = {
			isa = PBXNativeTarget;
			buildConfigurationList = DF2CE6BBA3406A4C5F2CCE35 /* Build configuration list for PBXNativeTarget "iOS ScaffoldTests" */;
			buildPhases = (
				A1CC4D88E33822C086F4BC7F /* [CP] Check Pods Manifest.lock */,
				DF2CE005E434FDA672ABF84F /* Sources */,
				DF2CE4B3BCE7F0DE97E4A1D4 /* Frameworks */,
				DF2CE09246F41C814DE827E9 /* Resources */,
				E4BE599640D3F3D3578E8DC9 /* [CP] Embed Pods Frameworks */,
				02FFABB43DA72F4FEBD82604 /* [CP] Copy Pods Resources */,
			);
			buildRules = (
			);
			dependencies = (
				DF2CE55D697BC6BA1F9FF403 /* PBXTargetDependency */,
			);
			name = "iOS ScaffoldTests";
			productName = "iOS ScaffoldTests";
			productReference = DF2CE004246151F8E397EA34 /* iOS ScaffoldTests.xctest */;
			productType = "com.apple.product-type.bundle.unit-test";
		};
		DF2CEAD439645D3D898646B1 /* iOS Scaffold */ = {
			isa = PBXNativeTarget;
			buildConfigurationList = DF2CE466184E4C1F716E3DF5 /* Build configuration list for PBXNativeTarget "iOS Scaffold" */;
			buildPhases = (
				90028587567E298AAB62F043 /* [CP] Check Pods Manifest.lock */,
				DF2CEFC46DCD647D6B1E7437 /* Sources */,
				DF2CE117AF9E3A75476B650B /* Frameworks */,
				DF2CE90A83B2BED9E99896AB /* Resources */,
				40F10EE2702618AEDEBEAC05 /* [CP] Embed Pods Frameworks */,
				891A214FEFCF7B243E5601A4 /* [CP] Copy Pods Resources */,
			);
			buildRules = (
			);
			dependencies = (
			);
			name = "iOS Scaffold";
			productName = "iOS Scaffold";
			productReference = DF2CE4006DC223A305DA2C14 /* iOS Scaffold.app */;
			productType = "com.apple.product-type.application";
		};
/* End PBXNativeTarget section */

/* Begin PBXProject section */
		DF2CE80081D3B39FC13AF5EA /* Project object */ = {
			isa = PBXProject;
			attributes = {
				LastSwiftUpdateCheck = 0730;
				LastUpgradeCheck = 0730;
				ORGANIZATIONNAME = "___FULLUSERNAME___";
				TargetAttributes = {
					64680DE91D190BB1000AD8DE = {
						CreatedOnToolsVersion = 7.3.1;
						TestTargetID = DF2CEAD439645D3D898646B1;
					};
				};
			};
			buildConfigurationList = DF2CEE3D6331D2C048CCA598 /* Build configuration list for PBXProject "iOS Scaffold" */;
			compatibilityVersion = "Xcode 3.2";
			developmentRegion = English;
			hasScannedForEncodings = 0;
			knownRegions = (
				en,
			);
			mainGroup = DF2CE38D180CA8086479FCCB;
			productRefGroup = DF2CE86EC480BE2286ADD30E /* Products */;
			projectDirPath = "";
			projectRoot = "";
			targets = (
				DF2CEAD439645D3D898646B1 /* iOS Scaffold */,
				DF2CE56A15F2A4CD63CA9BBE /* iOS ScaffoldTests */,
				64680DE91D190BB1000AD8DE /* UITests */,
			);
		};
/* End PBXProject section */

/* Begin PBXResourcesBuildPhase section */
		64680DE81D190BB1000AD8DE /* Resources */ = {
			isa = PBXResourcesBuildPhase;
			buildActionMask = 2147483647;
			files = (
			);
			runOnlyForDeploymentPostprocessing = 0;
		};
		DF2CE09246F41C814DE827E9 /* Resources */ = {
			isa = PBXResourcesBuildPhase;
			buildActionMask = 2147483647;
			files = (
			);
			runOnlyForDeploymentPostprocessing = 0;
		};
		DF2CE90A83B2BED9E99896AB /* Resources */ = {
			isa = PBXResourcesBuildPhase;
			buildActionMask = 2147483647;
			files = (
				DF2CE0ECB2D616CAAAEB27BB /* Assets.xcassets in Resources */,
				DF2CE1B2DB34028013B54C56 /* LaunchScreen.storyboard in Resources */,
				DF2CE932008D4FE617F029A3 /* Main.storyboard in Resources */,
			);
			runOnlyForDeploymentPostprocessing = 0;
		};
/* End PBXResourcesBuildPhase section */

/* Begin PBXShellScriptBuildPhase section */
		02FFABB43DA72F4FEBD82604 /* [CP] Copy Pods Resources */ = {
			isa = PBXShellScriptBuildPhase;
			buildActionMask = 2147483647;
			files = (
			);
			inputPaths = (
			);
			name = "[CP] Copy Pods Resources";
			outputPaths = (
			);
			runOnlyForDeploymentPostprocessing = 0;
			shellPath = /bin/sh;
			shellScript = "\"${SRCROOT}/Pods/Target Support Files/Pods-iOS ScaffoldTests/Pods-iOS ScaffoldTests-resources.sh\"\n";
			showEnvVarsInLog = 0;
		};
		37130B33FE5D037416A734BA /* [CP] Check Pods Manifest.lock */ = {
			isa = PBXShellScriptBuildPhase;
			buildActionMask = 2147483647;
			files = (
			);
			inputPaths = (
			);
			name = "[CP] Check Pods Manifest.lock";
			outputPaths = (
			);
			runOnlyForDeploymentPostprocessing = 0;
			shellPath = /bin/sh;
			shellScript = "diff \"${PODS_ROOT}/../Podfile.lock\" \"${PODS_ROOT}/Manifest.lock\" > /dev/null\nif [[ $? != 0 ]] ; then\n    cat << EOM\nerror: The sandbox is not in sync with the Podfile.lock. Run 'pod install' or update your CocoaPods installation.\nEOM\n    exit 1\nfi\n";
			showEnvVarsInLog = 0;
		};
		40F10EE2702618AEDEBEAC05 /* [CP] Embed Pods Frameworks */ = {
			isa = PBXShellScriptBuildPhase;
			buildActionMask = 2147483647;
			files = (
			);
			inputPaths = (
			);
			name = "[CP] Embed Pods Frameworks";
			outputPaths = (
			);
			runOnlyForDeploymentPostprocessing = 0;
			shellPath = /bin/sh;
			shellScript = "\"${SRCROOT}/Pods/Target Support Files/Pods-iOS Scaffold/Pods-iOS Scaffold-frameworks.sh\"\n";
			showEnvVarsInLog = 0;
		};
		891A214FEFCF7B243E5601A4 /* [CP] Copy Pods Resources */ = {
			isa = PBXShellScriptBuildPhase;
			buildActionMask = 2147483647;
			files = (
			);
			inputPaths = (
			);
			name = "[CP] Copy Pods Resources";
			outputPaths = (
			);
			runOnlyForDeploymentPostprocessing = 0;
			shellPath = /bin/sh;
			shellScript = "\"${SRCROOT}/Pods/Target Support Files/Pods-iOS Scaffold/Pods-iOS Scaffold-resources.sh\"\n";
			showEnvVarsInLog = 0;
		};
		90028587567E298AAB62F043 /* [CP] Check Pods Manifest.lock */ = {
			isa = PBXShellScriptBuildPhase;
			buildActionMask = 2147483647;
			files = (
			);
			inputPaths = (
			);
			name = "[CP] Check Pods Manifest.lock";
			outputPaths = (
			);
			runOnlyForDeploymentPostprocessing = 0;
			shellPath = /bin/sh;
			shellScript = "diff \"${PODS_ROOT}/../Podfile.lock\" \"${PODS_ROOT}/Manifest.lock\" > /dev/null\nif [[ $? != 0 ]] ; then\n    cat << EOM\nerror: The sandbox is not in sync with the Podfile.lock. Run 'pod install' or update your CocoaPods installation.\nEOM\n    exit 1\nfi\n";
			showEnvVarsInLog = 0;
		};
		A1CC4D88E33822C086F4BC7F /* [CP] Check Pods Manifest.lock */ = {
			isa = PBXShellScriptBuildPhase;
			buildActionMask = 2147483647;
			files = (
			);
			inputPaths = (
			);
			name = "[CP] Check Pods Manifest.lock";
			outputPaths = (
			);
			runOnlyForDeploymentPostprocessing = 0;
			shellPath = /bin/sh;
			shellScript = "diff \"${PODS_ROOT}/../Podfile.lock\" \"${PODS_ROOT}/Manifest.lock\" > /dev/null\nif [[ $? != 0 ]] ; then\n    cat << EOM\nerror: The sandbox is not in sync with the Podfile.lock. Run 'pod install' or update your CocoaPods installation.\nEOM\n    exit 1\nfi\n";
			showEnvVarsInLog = 0;
		};
		AFBB9A4ECEB7668DB552DA40 /* [CP] Copy Pods Resources */ = {
			isa = PBXShellScriptBuildPhase;
			buildActionMask = 2147483647;
			files = (
			);
			inputPaths = (
			);
			name = "[CP] Copy Pods Resources";
			outputPaths = (
			);
			runOnlyForDeploymentPostprocessing = 0;
			shellPath = /bin/sh;
			shellScript = "\"${SRCROOT}/Pods/Target Support Files/Pods-UITests/Pods-UITests-resources.sh\"\n\"${SRCROOT}/Pods/Target Support Files/Pods-UITests/Pods-UITests-frameworks.sh\"\n";
			showEnvVarsInLog = 0;
		};
		E4BE599640D3F3D3578E8DC9 /* [CP] Embed Pods Frameworks */ = {
			isa = PBXShellScriptBuildPhase;
			buildActionMask = 2147483647;
			files = (
			);
			inputPaths = (
			);
			name = "[CP] Embed Pods Frameworks";
			outputPaths = (
			);
			runOnlyForDeploymentPostprocessing = 0;
			shellPath = /bin/sh;
			shellScript = "\"${SRCROOT}/Pods/Target Support Files/Pods-iOS ScaffoldTests/Pods-iOS ScaffoldTests-frameworks.sh\"\n";
			showEnvVarsInLog = 0;
		};
/* End PBXShellScriptBuildPhase section */

/* Begin PBXSourcesBuildPhase section */
		64680DE61D190BB1000AD8DE /* Sources */ = {
			isa = PBXSourcesBuildPhase;
			buildActionMask = 2147483647;
			files = (
				64680DED1D190BB1000AD8DE /* UITests.swift in Sources */,
			);
			runOnlyForDeploymentPostprocessing = 0;
		};
		DF2CE005E434FDA672ABF84F /* Sources */ = {
			isa = PBXSourcesBuildPhase;
			buildActionMask = 2147483647;
			files = (
				DF2CEBE30340682CDAB67FD8 /* iOS_ScaffoldTests.swift in Sources */,
			);
			runOnlyForDeploymentPostprocessing = 0;
		};
		DF2CEFC46DCD647D6B1E7437 /* Sources */ = {
			isa = PBXSourcesBuildPhase;
			buildActionMask = 2147483647;
			files = (
				DF2CEC51C03F4DF6352EF080 /* AppDelegate.swift in Sources */,
				DF2CE50B07A454FD12B2E36F /* ViewController.swift in Sources */,
			);
			runOnlyForDeploymentPostprocessing = 0;
		};
/* End PBXSourcesBuildPhase section */

/* Begin PBXTargetDependency section */
		64680DF01D190BB1000AD8DE /* PBXTargetDependency */ = {
			isa = PBXTargetDependency;
			target = DF2CEAD439645D3D898646B1 /* iOS Scaffold */;
			targetProxy = 64680DEF1D190BB1000AD8DE /* PBXContainerItemProxy */;
		};
		DF2CE55D697BC6BA1F9FF403 /* PBXTargetDependency */ = {
			isa = PBXTargetDependency;
			target = DF2CEAD439645D3D898646B1 /* iOS Scaffold */;
			targetProxy = DF2CE0D6155F0798277C4786 /* PBXContainerItemProxy */;
		};
/* End PBXTargetDependency section */

/* Begin PBXVariantGroup section */
		DF2CE3D3EB5A1F5CE55323C2 /* Main.storyboard */ = {
			isa = PBXVariantGroup;
			children = (
				DF2CE7970672ABDEEA6FDBE5 /* Base */,
			);
			name = Main.storyboard;
			sourceTree = "<group>";
		};
		DF2CEF36437C78DE88615613 /* LaunchScreen.storyboard */ = {
			isa = PBXVariantGroup;
			children = (
				DF2CE55795C8385DFCB4B775 /* Base */,
			);
			name = LaunchScreen.storyboard;
			sourceTree = "<group>";
		};
/* End PBXVariantGroup section */

/* Begin XCBuildConfiguration section */
		64680DF21D190BB1000AD8DE /* Debug */ = {
			isa = XCBuildConfiguration;
			baseConfigurationReference = E535669674CD27A5063E9EB8 /* Pods-UITests.debug.xcconfig */;
			buildSettings = {
				INFOPLIST_FILE = UITests/Info.plist;
				LD_RUNPATH_SEARCH_PATHS = "$(inherited) @executable_path/Frameworks @loader_path/Frameworks";
				PRODUCT_BUNDLE_IDENTIFIER = com.pivotal.UITests;
				PRODUCT_NAME = "$(TARGET_NAME)";
				TEST_TARGET_NAME = "iOS Scaffold";
			};
			name = Debug;
		};
		64680DF31D190BB1000AD8DE /* Release */ = {
			isa = XCBuildConfiguration;
			baseConfigurationReference = 339C5ED191B3D72932357EE2 /* Pods-UITests.release.xcconfig */;
			buildSettings = {
				INFOPLIST_FILE = UITests/Info.plist;
				LD_RUNPATH_SEARCH_PATHS = "$(inherited) @executable_path/Frameworks @loader_path/Frameworks";
				PRODUCT_BUNDLE_IDENTIFIER = com.pivotal.UITests;
				PRODUCT_NAME = "$(TARGET_NAME)";
				TEST_TARGET_NAME = "iOS Scaffold";
			};
			name = Release;
		};
		DF2CE188948DCE20EDD4930A /* Debug */ = {
			isa = XCBuildConfiguration;
			baseConfigurationReference = 6DD2CA128817DFADB88E6D63 /* Pods-iOS ScaffoldTests.debug.xcconfig */;
			buildSettings = {
				BUNDLE_LOADER = "$(BUILT_PRODUCTS_DIR)/iOS Scaffold.app/iOS Scaffold";
				INFOPLIST_FILE = "iOS ScaffoldTests/Info.plist";
				LD_RUNPATH_SEARCH_PATHS = "$(inherited) @executable_path/Frameworks @loader_path/Frameworks";
				PRODUCT_BUNDLE_IDENTIFIER = "com.pivotal.iOS-ScaffoldTests";
				PRODUCT_NAME = "$(TARGET_NAME)";
				TEST_HOST = "$(BUNDLE_LOADER)";
			};
			name = Debug;
		};
		DF2CE19B167980EFC3DB895E /* Release */ = {
			isa = XCBuildConfiguration;
			baseConfigurationReference = 1DDD1E0E7378746ADA882FBE /* Pods-iOS Scaffold.release.xcconfig */;
			buildSettings = {
				ASSETCATALOG_COMPILER_APPICON_NAME = AppIcon;
				INFOPLIST_FILE = "iOS Scaffold/Info.plist";
				LD_RUNPATH_SEARCH_PATHS = "$(inherited) @executable_path/Frameworks";
				PRODUCT_BUNDLE_IDENTIFIER = "com.pivotal.iOS-Scaffold";
				PRODUCT_NAME = "$(TARGET_NAME)";
			};
			name = Release;
		};
		DF2CE5C7F4166CCDFE193D45 /* Release */ = {
			isa = XCBuildConfiguration;
			buildSettings = {
				ALWAYS_SEARCH_USER_PATHS = NO;
				CLANG_ANALYZER_NONNULL = YES;
				CLANG_CXX_LANGUAGE_STANDARD = "gnu++0x";
				CLANG_CXX_LIBRARY = "libc++";
				CLANG_ENABLE_MODULES = YES;
				CLANG_ENABLE_OBJC_ARC = YES;
				CLANG_WARN_BOOL_CONVERSION = YES;
				CLANG_WARN_CONSTANT_CONVERSION = YES;
				CLANG_WARN_DIRECT_OBJC_ISA_USAGE = YES_ERROR;
				CLANG_WARN_EMPTY_BODY = YES;
				CLANG_WARN_ENUM_CONVERSION = YES;
				CLANG_WARN_INT_CONVERSION = YES;
				CLANG_WARN_OBJC_ROOT_CLASS = YES_ERROR;
				CLANG_WARN_UNREACHABLE_CODE = YES;
				CLANG_WARN__DUPLICATE_METHOD_MATCH = YES;
				"CODE_SIGN_IDENTITY[sdk=iphoneos*]" = "iPhone Developer";
				COPY_PHASE_STRIP = NO;
				DEBUG_INFORMATION_FORMAT = "dwarf-with-dsym";
				ENABLE_NS_ASSERTIONS = NO;
				ENABLE_STRICT_OBJC_MSGSEND = YES;
				GCC_C_LANGUAGE_STANDARD = gnu99;
				GCC_NO_COMMON_BLOCKS = YES;
				GCC_WARN_64_TO_32_BIT_CONVERSION = YES;
				GCC_WARN_ABOUT_RETURN_TYPE = YES_ERROR;
				GCC_WARN_UNDECLARED_SELECTOR = YES;
				GCC_WARN_UNINITIALIZED_AUTOS = YES_AGGRESSIVE;
				GCC_WARN_UNUSED_FUNCTION = YES;
				GCC_WARN_UNUSED_VARIABLE = YES;
				IPHONEOS_DEPLOYMENT_TARGET = 9.3;
				MTL_ENABLE_DEBUG_INFO = NO;
				SDKROOT = iphoneos;
				TARGETED_DEVICE_FAMILY = "1,2";
				VALIDATE_PRODUCT = YES;
			};
			name = Release;
		};
		DF2CE6CA112ED1E2654AECF9 /* Release */ = {
			isa = XCBuildConfiguration;
			baseConfigurationReference = 3C5D5B721F5AFBA1CAE9DCE9 /* Pods-iOS ScaffoldTests.release.xcconfig */;
			buildSettings = {
				BUNDLE_LOADER = "$(BUILT_PRODUCTS_DIR)/iOS Scaffold.app/iOS Scaffold";
				INFOPLIST_FILE = "iOS ScaffoldTests/Info.plist";
				LD_RUNPATH_SEARCH_PATHS = "$(inherited) @executable_path/Frameworks @loader_path/Frameworks";
				PRODUCT_BUNDLE_IDENTIFIER = "com.pivotal.iOS-ScaffoldTests";
				PRODUCT_NAME = "$(TARGET_NAME)";
				TEST_HOST = "$(BUNDLE_LOADER)";
			};
			name = Release;
		};
		DF2CE88EC27E66F2A5C00785 /* Debug */ = {
			isa = XCBuildConfiguration;
			buildSettings = {
				ALWAYS_SEARCH_USER_PATHS = NO;
				CLANG_ANALYZER_NONNULL = YES;
				CLANG_CXX_LANGUAGE_STANDARD = "gnu++0x";
				CLANG_CXX_LIBRARY = "libc++";
				CLANG_ENABLE_MODULES = YES;
				CLANG_ENABLE_OBJC_ARC = YES;
				CLANG_WARN_BOOL_CONVERSION = YES;
				CLANG_WARN_CONSTANT_CONVERSION = YES;
				CLANG_WARN_DIRECT_OBJC_ISA_USAGE = YES_ERROR;
				CLANG_WARN_EMPTY_BODY = YES;
				CLANG_WARN_ENUM_CONVERSION = YES;
				CLANG_WARN_INT_CONVERSION = YES;
				CLANG_WARN_OBJC_ROOT_CLASS = YES_ERROR;
				CLANG_WARN_UNREACHABLE_CODE = YES;
				CLANG_WARN__DUPLICATE_METHOD_MATCH = YES;
				"CODE_SIGN_IDENTITY[sdk=iphoneos*]" = "iPhone Developer";
				COPY_PHASE_STRIP = NO;
				DEBUG_INFORMATION_FORMAT = dwarf;
				ENABLE_STRICT_OBJC_MSGSEND = YES;
				ENABLE_TESTABILITY = YES;
				GCC_C_LANGUAGE_STANDARD = gnu99;
				GCC_DYNAMIC_NO_PIC = NO;
				GCC_NO_COMMON_BLOCKS = YES;
				GCC_OPTIMIZATION_LEVEL = 0;
				GCC_PREPROCESSOR_DEFINITIONS = (
					"DEBUG=1",
					"$(inherited)",
				);
				GCC_WARN_64_TO_32_BIT_CONVERSION = YES;
				GCC_WARN_ABOUT_RETURN_TYPE = YES_ERROR;
				GCC_WARN_UNDECLARED_SELECTOR = YES;
				GCC_WARN_UNINITIALIZED_AUTOS = YES_AGGRESSIVE;
				GCC_WARN_UNUSED_FUNCTION = YES;
				GCC_WARN_UNUSED_VARIABLE = YES;
				IPHONEOS_DEPLOYMENT_TARGET = 9.3;
				MTL_ENABLE_DEBUG_INFO = YES;
				ONLY_ACTIVE_ARCH = YES;
				SDKROOT = iphoneos;
				SWIFT_OPTIMIZATION_LEVEL = "-Onone";
				TARGETED_DEVICE_FAMILY = "1,2";
			};
			name = Debug;
		};
		DF2CE934A4C9DC80DB849048 /* Debug */ = {
			isa = XCBuildConfiguration;
			baseConfigurationReference = 211431A7334582B42542E12F /* Pods-iOS Scaffold.debug.xcconfig */;
			buildSettings = {
				ASSETCATALOG_COMPILER_APPICON_NAME = AppIcon;
				INFOPLIST_FILE = "iOS Scaffold/Info.plist";
				LD_RUNPATH_SEARCH_PATHS = "$(inherited) @executable_path/Frameworks";
				PRODUCT_BUNDLE_IDENTIFIER = "com.pivotal.iOS-Scaffold";
				PRODUCT_NAME = "$(TARGET_NAME)";
			};
			name = Debug;
		};
/* End XCBuildConfiguration section */

/* Begin XCConfigurationList section */
		64680DF11D190BB1000AD8DE /* Build configuration list for PBXNativeTarget "UITests" */ = {
			isa = XCConfigurationList;
			buildConfigurations = (
				64680DF21D190BB1000AD8DE /* Debug */,
				64680DF31D190BB1000AD8DE /* Release */,
			);
			defaultConfigurationIsVisible = 0;
			defaultConfigurationName = Release;
		};
		DF2CE466184E4C1F716E3DF5 /* Build configuration list for PBXNativeTarget "iOS Scaffold" */ = {
			isa = XCConfigurationList;
			buildConfigurations = (
				DF2CE934A4C9DC80DB849048 /* Debug */,
				DF2CE19B167980EFC3DB895E /* Release */,
			);
			defaultConfigurationIsVisible = 0;
			defaultConfigurationName = Release;
		};
		DF2CE6BBA3406A4C5F2CCE35 /* Build configuration list for PBXNativeTarget "iOS ScaffoldTests" */ = {
			isa = XCConfigurationList;
			buildConfigurations = (
				DF2CE188948DCE20EDD4930A /* Debug */,
				DF2CE6CA112ED1E2654AECF9 /* Release */,
			);
			defaultConfigurationIsVisible = 0;
			defaultConfigurationName = Release;
		};
		DF2CEE3D6331D2C048CCA598 /* Build configuration list for PBXProject "iOS Scaffold" */ = {
			isa = XCConfigurationList;
			buildConfigurations = (
				DF2CE88EC27E66F2A5C00785 /* Debug */,
				DF2CE5C7F4166CCDFE193D45 /* Release */,
			);
			defaultConfigurationIsVisible = 0;
			defaultConfigurationName = Release;
		};
/* End XCConfigurationList section */
	};
	rootObject = DF2CE80081D3B39FC13AF5EA /* Project object */;
}
